{
  "name": "@gregfrench/react-native-wheel-picker",
  "version": "1.2.18",
  "lockfileVersion": 1,
  "requires": true,
  "dependencies": {
    "@react-native-picker/picker": {
      "version": "2.4.1",
      "resolved": "https://registry.npmjs.org/@react-native-picker/picker/-/picker-2.4.1.tgz",
      "integrity": "sha512-1XWy3IQgwr7MWd30KdY1iUh2gQZD+JiotN1ifj/ptFUYKon/0UFwngKQaWCO/CP/FdLl20/huSSLwKedYrdMMA=="
    }
  }
}
